
Microsoft Visual Studio Solution File, Format Version 12.00
# Visual Studio Version 17
VisualStudioVersion = 17.9.34607.119
MinimumVisualStudioVersion = 10.0.40219.1
Project("{FAE04EC0-301F-11D3-BF4B-00C04F79EFBC}") = "NotUygulamasi", "NotUygulamasi.csproj", "{162FFE9C-6BD2-4F63-AA28-FC39DAF12765}"
EndProject
Global
	GlobalSection(SolutionConfigurationPlatforms) = preSolution
		Debug|Any CPU = Debug|Any CPU
		Release|Any CPU = Release|Any CPU
	EndGlobalSection
	GlobalSection(ProjectConfigurationPlatforms) = postSolution
		{162FFE9C-6BD2-4F63-AA28-FC39DAF12765}.Debug|Any CPU.ActiveCfg = Debug|Any CPU
		{162FFE9C-6BD2-4F63-AA28-FC39DAF12765}.Debug|Any CPU.Build.0 = Debug|Any CPU
		{162FFE9C-6BD2-4F63-AA28-FC39DAF12765}.Release|Any CPU.ActiveCfg = Release|Any CPU
		{162FFE9C-6BD2-4F63-AA28-FC39DAF12765}.Release|Any CPU.Build.0 = Release|Any CPU
	EndGlobalSection
	GlobalSection(SolutionProperties) = preSolution
		HideSolutionNode = FALSE
	EndGlobalSection
	GlobalSection(ExtensibilityGlobals) = postSolution
		SolutionGuid = {320E179D-481B-4AEC-B4F1-E253ED8AB8C4}
	EndGlobalSection
EndGlobal
